
Microsoft Visual Studio Solution File, Format Version 12.00
# Visual Studio Version 16
VisualStudioVersion = 16.0.32228.343
MinimumVisualStudioVersion = 10.0.40219.1
Project("{888888A0-9F3D-457C-B088-3A5042F75D52}") = "Socio_Torcedor", "Socio_Torcedor.pyproj", "{63427241-D2A7-43F0-8D06-6E8F66CBB67D}"
EndProject
Global
	GlobalSection(SolutionConfigurationPlatforms) = preSolution
		Debug|Any CPU = Debug|Any CPU
		Release|Any CPU = Release|Any CPU
	EndGlobalSection
	GlobalSection(ProjectConfigurationPlatforms) = postSolution
		{63427241-D2A7-43F0-8D06-6E8F66CBB67D}.Debug|Any CPU.ActiveCfg = Debug|Any CPU
		{63427241-D2A7-43F0-8D06-6E8F66CBB67D}.Release|Any CPU.ActiveCfg = Release|Any CPU
	EndGlobalSection
	GlobalSection(SolutionProperties) = preSolution
		HideSolutionNode = FALSE
	EndGlobalSection
	GlobalSection(ExtensibilityGlobals) = postSolution
		SolutionGuid = {F74BBEF8-05BA-428C-BF75-92F16CA1986E}
	EndGlobalSection
EndGlobal
